dependencies:
  espressif/esp32-camera:
    component_hash: d1770097ec47996a9aba49b8d99672863c9855ea2d47e91fe31e11e58e8c7813
    dependencies:
    - name: espressif/esp_jpeg
      registry_url: https://components.espressif.com
      require: public
      version: ^1.3.1
    - name: idf
      require: private
      version: '>=5.1'
    source:
      registry_url: https://components.espressif.com/
      type: service
    version: 2.1.8
  espressif/esp_jpeg:
    component_hash: defb83669293cbf86d0fa86b475ba5517aceed04ed70db435388c151ab37b5d7
    dependencies:
    - name: idf
      require: private
      version: '>=5.0'
    source:
      registry_url: https://components.espressif.com
      type: service
    version: 1.3.1
  espressif/mdns:
    component_hash: b5b30022c46302eab89c1d2e3b6fb5918a627563a7462f0ee284b22b9a934967
    dependencies:
    - name: idf
      require: private
      version: '>=5.0'
    source:
      registry_url: https://components.espressif.com/
      type: service
    version: 1.14.0
  idf:
    source:
      type: idf
    version: 5.5.4
direct_dependencies:
- espressif/esp32-camera
- espressif/mdns
manifest_hash: c56aff9535f6b0e862a32a36c476493d5f53630bca14c0eff9a6252e95d3754f
target: esp32s3
version: 2.0.0
